
Microsoft Visual Studio Solution File, Format Version 12.00
# Visual Studio Version 16
VisualStudioVersion = 16.0.29519.181
MinimumVisualStudioVersion = 10.0.40219.1
Project("{FAE04EC0-301F-11D3-BF4B-00C04F79EFBC}") = "Rhyous.Collections", "Rhyous.Collections\Rhyous.Collections.csproj", "{820A1D85-4D89-4DBC-B5AA-04F85DDA723B}"
EndProject
Project("{FAE04EC0-301F-11D3-BF4B-00C04F79EFBC}") = "Rhyous.Collections.Tests", "Rhyous.Collections.Tests\Rhyous.Collections.Tests.csproj", "{0C209505-812F-4434-82D0-97093998DFA0}"
EndProject
Global
	GlobalSection(SolutionConfigurationPlatforms) = preSolution
		Debug|Any CPU = Debug|Any CPU
		Release|Any CPU = Release|Any CPU
	EndGlobalSection
	GlobalSection(ProjectConfigurationPlatforms) = postSolution
		{820A1D85-4D89-4DBC-B5AA-04F85DDA723B}.Debug|Any CPU.ActiveCfg = Debug|Any CPU
		{820A1D85-4D89-4DBC-B5AA-04F85DDA723B}.Debug|Any CPU.Build.0 = Debug|Any CPU
		{820A1D85-4D89-4DBC-B5AA-04F85DDA723B}.Release|Any CPU.ActiveCfg = Release|Any CPU
		{820A1D85-4D89-4DBC-B5AA-04F85DDA723B}.Release|Any CPU.Build.0 = Release|Any CPU
		{0C209505-812F-4434-82D0-97093998DFA0}.Debug|Any CPU.ActiveCfg = Debug|Any CPU
		{0C209505-812F-4434-82D0-97093998DFA0}.Debug|Any CPU.Build.0 = Debug|Any CPU
		{0C209505-812F-4434-82D0-97093998DFA0}.Release|Any CPU.ActiveCfg = Release|Any CPU
		{0C209505-812F-4434-82D0-97093998DFA0}.Release|Any CPU.Build.0 = Release|Any CPU
	EndGlobalSection
	GlobalSection(SolutionProperties) = preSolution
		HideSolutionNode = FALSE
	EndGlobalSection
	GlobalSection(ExtensibilityGlobals) = postSolution
		SolutionGuid = {436345C0-7F6B-4974-B0FD-E1CBDD881B82}
	EndGlobalSection
EndGlobal
