
Microsoft Visual Studio Solution File, Format Version 12.00
# Visual Studio 15
VisualStudioVersion = 15.0.27004.2009
MinimumVisualStudioVersion = 10.0.40219.1
Project("{FAE04EC0-301F-11D3-BF4B-00C04F79EFBC}") = "Rhyous.Collections", "Rhyous.Collections\Rhyous.Collections.csproj", "{0E3FDDDC-DEDD-451D-8356-358C471FCDD7}"
EndProject
Project("{FAE04EC0-301F-11D3-BF4B-00C04F79EFBC}") = "Rhyous.Collections.Tests", "Rhyous.Collections.Tests\Rhyous.Collections.Tests.csproj", "{0708DDE1-DBE4-469D-9FBE-0DF20413E0B9}"
EndProject
Global
	GlobalSection(SolutionConfigurationPlatforms) = preSolution
		Debug|Any CPU = Debug|Any CPU
		Release|Any CPU = Release|Any CPU
	EndGlobalSection
	GlobalSection(ProjectConfigurationPlatforms) = postSolution
		{0E3FDDDC-DEDD-451D-8356-358C471FCDD7}.Debug|Any CPU.ActiveCfg = Debug|Any CPU
		{0E3FDDDC-DEDD-451D-8356-358C471FCDD7}.Debug|Any CPU.Build.0 = Debug|Any CPU
		{0E3FDDDC-DEDD-451D-8356-358C471FCDD7}.Release|Any CPU.ActiveCfg = Release|Any CPU
		{0E3FDDDC-DEDD-451D-8356-358C471FCDD7}.Release|Any CPU.Build.0 = Release|Any CPU
		{0708DDE1-DBE4-469D-9FBE-0DF20413E0B9}.Debug|Any CPU.ActiveCfg = Debug|Any CPU
		{0708DDE1-DBE4-469D-9FBE-0DF20413E0B9}.Debug|Any CPU.Build.0 = Debug|Any CPU
		{0708DDE1-DBE4-469D-9FBE-0DF20413E0B9}.Release|Any CPU.ActiveCfg = Release|Any CPU
		{0708DDE1-DBE4-469D-9FBE-0DF20413E0B9}.Release|Any CPU.Build.0 = Release|Any CPU
	EndGlobalSection
	GlobalSection(SolutionProperties) = preSolution
		HideSolutionNode = FALSE
	EndGlobalSection
	GlobalSection(ExtensibilityGlobals) = postSolution
		SolutionGuid = {436345C0-7F6B-4974-B0FD-E1CBDD881B82}
	EndGlobalSection
EndGlobal
